Microsoft Visual Studio Solution File, Format Version 12.00
# Visual Studio Version 17
VisualStudioVersion = 17.5.2.0
MinimumVisualStudioVersion = 10.0.40219.1
Project("{FAE04EC0-301F-11D3-BF4B-00C04F79EFBC}") = "coffee", "coffee.csproj", "{ADA4ED46-C9CB-42F5-1B0B-A317A630EEC5}"
EndProject
Global
	GlobalSection(SolutionConfigurationPlatforms) = preSolution
		Debug|Any CPU = Debug|Any CPU
		Release|Any CPU = Release|Any CPU
	EndGlobalSection
	GlobalSection(ProjectConfigurationPlatforms) = postSolution
		{ADA4ED46-C9CB-42F5-1B0B-A317A630EEC5}.Debug|Any CPU.ActiveCfg = Debug|Any CPU
		{ADA4ED46-C9CB-42F5-1B0B-A317A630EEC5}.Debug|Any CPU.Build.0 = Debug|Any CPU
		{ADA4ED46-C9CB-42F5-1B0B-A317A630EEC5}.Release|Any CPU.ActiveCfg = Release|Any CPU
		{ADA4ED46-C9CB-42F5-1B0B-A317A630EEC5}.Release|Any CPU.Build.0 = Release|Any CPU
	EndGlobalSection
	GlobalSection(SolutionProperties) = preSolution
		HideSolutionNode = FALSE
	EndGlobalSection
	GlobalSection(ExtensibilityGlobals) = postSolution
		SolutionGuid = {38837E06-FB44-4BCC-94F4-7824E1806A56}
	EndGlobalSection
EndGlobal
